// !$*UTF8*$!
{
	archiveVersion = 1;
	classes = {
	};
	objectVersion = 77;
	objects = {

/* Begin PBXBuildFile section */
		2455DCE02F23628F00836E3D /* Kingfisher in Frameworks */ = {isa = PBXBuildFile; productRef = 2455DCDC2F23628F00836E3D /* Kingfisher */; };
		2455DCE12F23628F00836E3D /* CombineMoya in Frameworks */ = {isa = PBXBuildFile; productRef = 2455DCDB2F23628F00836E3D /* CombineMoya */; };
		2455DCE22F23628F00836E3D /* KakaoSDKUser in Frameworks */ = {isa = PBXBuildFile; productRef = 2455DCDA2F23628F00836E3D /* KakaoSDKUser */; };
		2455DCE32F23628F00836E3D /* KakaoSDK in Frameworks */ = {isa = PBXBuildFile; productRef = 2455DCD72F23628F00836E3D /* KakaoSDK */; };
		2455DCE42F23628F00836E3D /* SnapKit in Frameworks */ = {isa = PBXBuildFile; productRef = 2455DCD12F23628F00836E3D /* SnapKit */; };
		2455DCE52F23628F00836E3D /* Then in Frameworks */ = {isa = PBXBuildFile; productRef = 2455DCD32F23628F00836E3D /* Then */; };
		2455DCE62F23628F00836E3D /* Moya in Frameworks */ = {isa = PBXBuildFile; productRef = 2455DCD52F23628F00836E3D /* Moya */; };
		2455DCE72F23628F00836E3D /* KakaoSDKAuth in Frameworks */ = {isa = PBXBuildFile; productRef = 2455DCD92F23628F00836E3D /* KakaoSDKAuth */; };
		249C641A2F0FA1F50016D6B7 /* Moya in Frameworks */ = {isa = PBXBuildFile; productRef = 249C64192F0FA1F50016D6B7 /* Moya */; };
		24DF523F2F0A6487007146AC /* SnapKit in Frameworks */ = {isa = PBXBuildFile; productRef = 24DF523E2F0A6487007146AC /* SnapKit */; };
		24DF52422F0A64A0007146AC /* Then in Frameworks */ = {isa = PBXBuildFile; productRef = 24DF52412F0A64A0007146AC /* Then */; };
		A100000000000000000000B2 /* AmplitudeSwift in Frameworks */ = {isa = PBXBuildFile; productRef = A100000000000000000000B1 /* AmplitudeSwift */; };
		A100000000000000000000C2 /* AmplitudeSwift in Frameworks */ = {isa = PBXBuildFile; productRef = A100000000000000000000C1 /* AmplitudeSwift */; };
		AE418AB42FC6CCE8000B043E /* FirebaseMessaging in Frameworks */ = {isa = PBXBuildFile; productRef = AE418AB32FC6CCE8000B043E /* FirebaseMessaging */; };
		AE418AB62FC6CCF0000B043E /* FirebaseCore in Frameworks */ = {isa = PBXBuildFile; productRef = AE418AB52FC6CCF0000B043E /* FirebaseCore */; };
		AE418AB82FC6CCFE000B043E /* FirebaseCore in Frameworks */ = {isa = PBXBuildFile; productRef = AE418AB72FC6CCFE000B043E /* FirebaseCore */; };
		AE418ABA2FC6CD03000B043E /* FirebaseMessaging in Frameworks */ = {isa = PBXBuildFile; productRef = AE418AB92FC6CD03000B043E /* FirebaseMessaging */; };
		AEF67B382F4C5C20007319A0 /* KingfisherWebP in Frameworks */ = {isa = PBXBuildFile; productRef = AEF67B372F4C5C20007319A0 /* KingfisherWebP */; };
		AEF67B3A2F4C5C46007319A0 /* KingfisherWebP in Frameworks */ = {isa = PBXBuildFile; productRef = AEF67B392F4C5C46007319A0 /* KingfisherWebP */; };
		AEF67B502F4C6C41007319A0 /* Lottie in Frameworks */ = {isa = PBXBuildFile; productRef = AEF67B4F2F4C6C41007319A0 /* Lottie */; };
		AEF67B522F4C6C53007319A0 /* Lottie in Frameworks */ = {isa = PBXBuildFile; productRef = AEF67B512F4C6C53007319A0 /* Lottie */; };
		F689777E2F18102D004D5783 /* KakaoSDK in Frameworks */ = {isa = PBXBuildFile; productRef = F6B015D52F123F0D007B1EE4 /* KakaoSDK */; };
		F689777F2F18102D004D5783 /* KakaoSDKUser in Frameworks */ = {isa = PBXBuildFile; productRef = F6B015D92F123F0D007B1EE4 /* KakaoSDKUser */; };
		F68977802F18102D004D5783 /* CombineMoya in Frameworks */ = {isa = PBXBuildFile; productRef = F6B018512F136542007B1EE4 /* CombineMoya */; };
		F68977812F18102D004D5783 /* Kingfisher in Frameworks */ = {isa = PBXBuildFile; productRef = F6B01F162F1779EC007B1EE4 /* Kingfisher */; };
		F6B015D82F123F0D007B1EE4 /* KakaoSDKAuth in Frameworks */ = {isa = PBXBuildFile; productRef = F6B015D72F123F0D007B1EE4 /* KakaoSDKAuth */; };
/* End PBXBuildFile section */

/* Begin PBXFileReference section */
		2455DCEC2F23628F00836E3D /* Kiero_Child.app */ = {isa = PBXFileReference; explicitFileType = wrapper.application; includeInIndex = 0; path = Kiero_Child.app; sourceTree = BUILT_PRODUCTS_DIR; };
		24DF50CB2F0A5173007146AC /* Kiero_Parent.app */ = {isa = PBXFileReference; explicitFileType = wrapper.application; includeInIndex = 0; path = Kiero_Parent.app; sourceTree = BUILT_PRODUCTS_DIR; };
		AEB0F9DD2FC5CBC900964FED /* Kiero_Parent.entitlements */ = {isa = PBXFileReference; lastKnownFileType = text.plist.entitlements; path = Kiero_Parent.entitlements; sourceTree = "<group>"; };
		AEB0F9DE2FC5CBE000964FED /* Kiero_Child.entitlements */ = {isa = PBXFileReference; lastKnownFileType = text.plist.entitlements; path = Kiero_Child.entitlements; sourceTree = "<group>"; };
/* End PBXFileReference section */

/* Begin PBXFileSystemSynchronizedBuildFileExceptionSet section */
		2455DCEE2F23629000836E3D /* Exceptions for "Kiero" folder in "Kiero_Child" target */ = {
			isa = PBXFileSystemSynchronizedBuildFileExceptionSet;
			membershipExceptions = (
				Coordinator/ParentCoordinator.swift,
				"GoogleService-Info-Parent-Dev.plist",
				"GoogleService-Info-Parent.plist",
				ParentInfo.plist,
			);
			target = 2455DCD02F23628F00836E3D /* Kiero_Child */;
		};
		24DF50DD2F0A5174007146AC /* Exceptions for "Kiero" folder in "Kiero_Parent" target */ = {
			isa = PBXFileSystemSynchronizedBuildFileExceptionSet;
			membershipExceptions = (
				ChildInfo.plist,
				Coordinator/ChildCoordinator.swift,
				Dev.xcconfig,
				"GoogleService-Info-Child-Dev.plist",
				"GoogleService-Info-Child.plist",
				Prod.xcconfig,
			);
			target = 24DF50CA2F0A5173007146AC /* Kiero_Parent */;
		};
/* End PBXFileSystemSynchronizedBuildFileExceptionSet section */

/* Begin PBXFileSystemSynchronizedRootGroup section */
		24DF50CD2F0A5173007146AC /* Kiero */ = {
			isa = PBXFileSystemSynchronizedRootGroup;
			exceptions = (
				24DF50DD2F0A5174007146AC /* Exceptions for "Kiero" folder in "Kiero_Parent" target */,
				2455DCEE2F23629000836E3D /* Exceptions for "Kiero" folder in "Kiero_Child" target */,
			);
			path = Kiero;
			sourceTree = "<group>";
		};
/* End PBXFileSystemSynchronizedRootGroup section */

/* Begin PBXFrameworksBuildPhase section */
		2455DCDF2F23628F00836E3D /* Frameworks */ = {
			isa = PBXFrameworksBuildPhase;
			buildActionMask = 2147483647;
			files = (
				AE418ABA2FC6CD03000B043E /* FirebaseMessaging in Frameworks */,
				A100000000000000000000B2 /* AmplitudeSwift in Frameworks */,
				2455DCE02F23628F00836E3D /* Kingfisher in Frameworks */,
				2455DCE12F23628F00836E3D /* CombineMoya in Frameworks */,
				AE418AB82FC6CCFE000B043E /* FirebaseCore in Frameworks */,
				2455DCE22F23628F00836E3D /* KakaoSDKUser in Frameworks */,
				2455DCE32F23628F00836E3D /* KakaoSDK in Frameworks */,
				2455DCE42F23628F00836E3D /* SnapKit in Frameworks */,
				AEF67B522F4C6C53007319A0 /* Lottie in Frameworks */,
				2455DCE52F23628F00836E3D /* Then in Frameworks */,
				2455DCE62F23628F00836E3D /* Moya in Frameworks */,
				2455DCE72F23628F00836E3D /* KakaoSDKAuth in Frameworks */,
				AEF67B3A2F4C5C46007319A0 /* KingfisherWebP in Frameworks */,
			);
			runOnlyForDeploymentPostprocessing = 0;
		};
		24DF50C82F0A5173007146AC /* Frameworks */ = {
			isa = PBXFrameworksBuildPhase;
			buildActionMask = 2147483647;
			files = (
				F68977812F18102D004D5783 /* Kingfisher in Frameworks */,
				F68977802F18102D004D5783 /* CombineMoya in Frameworks */,
				F689777F2F18102D004D5783 /* KakaoSDKUser in Frameworks */,
				F689777E2F18102D004D5783 /* KakaoSDK in Frameworks */,
				24DF523F2F0A6487007146AC /* SnapKit in Frameworks */,
				AEF67B502F4C6C41007319A0 /* Lottie in Frameworks */,
				24DF52422F0A64A0007146AC /* Then in Frameworks */,
				249C641A2F0FA1F50016D6B7 /* Moya in Frameworks */,
				F6B015D82F123F0D007B1EE4 /* KakaoSDKAuth in Frameworks */,
				AE418AB42FC6CCE8000B043E /* FirebaseMessaging in Frameworks */,
				AE418AB62FC6CCF0000B043E /* FirebaseCore in Frameworks */,
				A100000000000000000000C2 /* AmplitudeSwift in Frameworks */,
				AEF67B382F4C5C20007319A0 /* KingfisherWebP in Frameworks */,
			);
			runOnlyForDeploymentPostprocessing = 0;
		};
/* End PBXFrameworksBuildPhase section */

/* Begin PBXGroup section */
		24DF50C22F0A5173007146AC = {
			isa = PBXGroup;
			children = (
				AEB0F9DE2FC5CBE000964FED /* Kiero_Child.entitlements */,
				AEB0F9DD2FC5CBC900964FED /* Kiero_Parent.entitlements */,
				24DF50CD2F0A5173007146AC /* Kiero */,
				F6B018502F136542007B1EE4 /* Frameworks */,
				24DF50CC2F0A5173007146AC /* Products */,
			);
			sourceTree = "<group>";
		};
		24DF50CC2F0A5173007146AC /* Products */ = {
			isa = PBXGroup;
			children = (
				24DF50CB2F0A5173007146AC /* Kiero_Parent.app */,
				2455DCEC2F23628F00836E3D /* Kiero_Child.app */,
			);
			name = Products;
			sourceTree = "<group>";
		};
		F6B018502F136542007B1EE4 /* Frameworks */ = {
			isa = PBXGroup;
			children = (
			);
			name = Frameworks;
			sourceTree = "<group>";
		};
/* End PBXGroup section */

/* Begin PBXNativeTarget section */
		2455DCD02F23628F00836E3D /* Kiero_Child */ = {
			isa = PBXNativeTarget;
			buildConfigurationList = 2455DCE92F23628F00836E3D /* Build configuration list for PBXNativeTarget "Kiero_Child" */;
			buildPhases = (
				2455DCDF2F23628F00836E3D /* Frameworks */,
				2455DCE82F23628F00836E3D /* Resources */,
				2455DDA72F236FC000836E3D /* Sources */,
			);
			buildRules = (
			);
			dependencies = (
			);
			fileSystemSynchronizedGroups = (
				24DF50CD2F0A5173007146AC /* Kiero */,
			);
			name = Kiero_Child;
			packageProductDependencies = (
				2455DCD12F23628F00836E3D /* SnapKit */,
				2455DCD32F23628F00836E3D /* Then */,
				2455DCD52F23628F00836E3D /* Moya */,
				2455DCD72F23628F00836E3D /* KakaoSDK */,
				2455DCD92F23628F00836E3D /* KakaoSDKAuth */,
				2455DCDA2F23628F00836E3D /* KakaoSDKUser */,
				2455DCDB2F23628F00836E3D /* CombineMoya */,
				2455DCDC2F23628F00836E3D /* Kingfisher */,
				AEF67B392F4C5C46007319A0 /* KingfisherWebP */,
				AEF67B512F4C6C53007319A0 /* Lottie */,
				AE418AB72FC6CCFE000B043E /* FirebaseCore */,
				AE418AB92FC6CD03000B043E /* FirebaseMessaging */,
				A100000000000000000000B1 /* AmplitudeSwift */,
			);
			productName = Kiero;
			productReference = 2455DCEC2F23628F00836E3D /* Kiero_Child.app */;
			productType = "com.apple.product-type.application";
		};
		24DF50CA2F0A5173007146AC /* Kiero_Parent */ = {
			isa = PBXNativeTarget;
			buildConfigurationList = 24DF50DE2F0A5174007146AC /* Build configuration list for PBXNativeTarget "Kiero_Parent" */;
			buildPhases = (
				24DF50C72F0A5173007146AC /* Sources */,
				24DF50C92F0A5173007146AC /* Resources */,
				24DF50C82F0A5173007146AC /* Frameworks */,
			);
			buildRules = (
			);
			dependencies = (
			);
			fileSystemSynchronizedGroups = (
				24DF50CD2F0A5173007146AC /* Kiero */,
			);
			name = Kiero_Parent;
			packageProductDependencies = (
				24DF523E2F0A6487007146AC /* SnapKit */,
				24DF52412F0A64A0007146AC /* Then */,
				249C64192F0FA1F50016D6B7 /* Moya */,
				F6B015D52F123F0D007B1EE4 /* KakaoSDK */,
				F6B015D72F123F0D007B1EE4 /* KakaoSDKAuth */,
				F6B015D92F123F0D007B1EE4 /* KakaoSDKUser */,
				F6B018512F136542007B1EE4 /* CombineMoya */,
				F6B01F162F1779EC007B1EE4 /* Kingfisher */,
				AEF67B372F4C5C20007319A0 /* KingfisherWebP */,
				AEF67B4F2F4C6C41007319A0 /* Lottie */,
				AE418AB32FC6CCE8000B043E /* FirebaseMessaging */,
				AE418AB52FC6CCF0000B043E /* FirebaseCore */,
				A100000000000000000000C1 /* AmplitudeSwift */,
			);
			productName = Kiero;
			productReference = 24DF50CB2F0A5173007146AC /* Kiero_Parent.app */;
			productType = "com.apple.product-type.application";
		};
/* End PBXNativeTarget section */

/* Begin PBXProject section */
		24DF50C32F0A5173007146AC /* Project object */ = {
			isa = PBXProject;
			attributes = {
				BuildIndependentTargetsInParallel = 1;
				LastSwiftUpdateCheck = 1640;
				LastUpgradeCheck = 2620;
				TargetAttributes = {
					24DF50CA2F0A5173007146AC = {
						CreatedOnToolsVersion = 16.4;
					};
				};
			};
			buildConfigurationList = 24DF50C62F0A5173007146AC /* Build configuration list for PBXProject "Kiero" */;
			developmentRegion = en;
			hasScannedForEncodings = 0;
			knownRegions = (
				en,
				Base,
			);
			mainGroup = 24DF50C22F0A5173007146AC;
			minimizedProjectReferenceProxies = 1;
			packageReferences = (
				24DF523D2F0A6487007146AC /* XCRemoteSwiftPackageReference "SnapKit" */,
				24DF52402F0A64A0007146AC /* XCRemoteSwiftPackageReference "Then" */,
				249C64182F0FA1F50016D6B7 /* XCRemoteSwiftPackageReference "Moya" */,
				F6B015D42F123F0D007B1EE4 /* XCRemoteSwiftPackageReference "kakao-ios-sdk" */,
				F6B01F152F1779EC007B1EE4 /* XCRemoteSwiftPackageReference "Kingfisher" */,
				AEF67B362F4C5C20007319A0 /* XCRemoteSwiftPackageReference "KingfisherWebP" */,
				AEF67B4E2F4C6C41007319A0 /* XCRemoteSwiftPackageReference "lottie-ios" */,
				AEB0F9DF2FC5CC5500964FED /* XCRemoteSwiftPackageReference "firebase-ios-sdk" */,
				A100000000000000000000A1 /* XCRemoteSwiftPackageReference "Amplitude-Swift" */,
			);
			preferredProjectObjectVersion = 77;
			productRefGroup = 24DF50CC2F0A5173007146AC /* Products */;
			projectDirPath = "";
			projectRoot = "";
			targets = (
				24DF50CA2F0A5173007146AC /* Kiero_Parent */,
				2455DCD02F23628F00836E3D /* Kiero_Child */,
			);
		};
/* End PBXProject section */

/* Begin PBXResourcesBuildPhase section */
		2455DCE82F23628F00836E3D /* Resources */ = {
			isa = PBXResourcesBuildPhase;
			buildActionMask = 2147483647;
			files = (
			);
			runOnlyForDeploymentPostprocessing = 0;
		};
		24DF50C92F0A5173007146AC /* Resources */ = {
			isa = PBXResourcesBuildPhase;
			buildActionMask = 2147483647;
			files = (
			);
			runOnlyForDeploymentPostprocessing = 0;
		};
/* End PBXResourcesBuildPhase section */

/* Begin PBXSourcesBuildPhase section */
		2455DDA72F236FC000836E3D /* Sources */ = {
			isa = PBXSourcesBuildPhase;
			buildActionMask = 2147483647;
			files = (
			);
			runOnlyForDeploymentPostprocessing = 0;
		};
		24DF50C72F0A5173007146AC /* Sources */ = {
			isa = PBXSourcesBuildPhase;
			buildActionMask = 2147483647;
			files = (
			);
			runOnlyForDeploymentPostprocessing = 0;
		};
/* End PBXSourcesBuildPhase section */

/* Begin XCBuildConfiguration section */
		2455DCEA2F23628F00836E3D /* Debug */ = {
			isa = XCBuildConfiguration;
			buildSettings = {
				ASSETCATALOG_COMPILER_APPICON_NAME = AppIconChild;
				ASSETCATALOG_COMPILER_GLOBAL_ACCENT_COLOR_NAME = AccentColor;
				ASSETCATALOG_COMPILER_INCLUDE_ALL_APPICON_ASSETS = NO;
				CODE_SIGN_ENTITLEMENTS = Kiero_Child.entitlements;
				CODE_SIGN_IDENTITY = "Apple Development";
				CODE_SIGN_STYLE = Automatic;
				CURRENT_PROJECT_VERSION = 1;
				DEVELOPMENT_TEAM = "";
				ENABLE_USER_SCRIPT_SANDBOXING = YES;
				GENERATE_INFOPLIST_FILE = YES;
				INFOPLIST_FILE = Kiero/ChildInfo.plist;
				INFOPLIST_KEY_CFBundleDisplayName = Kiero;
				INFOPLIST_KEY_NSCameraUsageDescription = "";
				INFOPLIST_KEY_UIApplicationSupportsIndirectInputEvents = YES;
				INFOPLIST_KEY_UILaunchStoryboardName = LaunchScreen;
				INFOPLIST_KEY_UISupportedInterfaceOrientations_iPad = "UIInterfaceOrientationPortrait UIInterfaceOrientationPortraitUpsideDown UIInterfaceOrientationLandscapeLeft UIInterfaceOrientationLandscapeRight";
				INFOPLIST_KEY_UISupportedInterfaceOrientations_iPhone = "UIInterfaceOrientationPortrait UIInterfaceOrientationLandscapeLeft UIInterfaceOrientationLandscapeRight";
				LD_RUNPATH_SEARCH_PATHS = (
					"$(inherited)",
					"@executable_path/Frameworks",
				);
				MARKETING_VERSION = 1.0;
				PRODUCT_BUNDLE_IDENTIFIER = com.Kiero.Child.dev;
				PRODUCT_NAME = "$(TARGET_NAME)";
				PROVISIONING_PROFILE_SPECIFIER = "";
				SUPPORTED_PLATFORMS = "iphoneos iphonesimulator";
				SUPPORTS_MACCATALYST = NO;
				SUPPORTS_MAC_DESIGNED_FOR_IPHONE_IPAD = NO;
				SUPPORTS_XR_DESIGNED_FOR_IPHONE_IPAD = NO;
				SWIFT_ACTIVE_COMPILATION_CONDITIONS = "DEBUG $(inherited) KIERO_CHILD";
				SWIFT_EMIT_LOC_STRINGS = YES;
				SWIFT_VERSION = 5.0;
				TARGETED_DEVICE_FAMILY = "1,2";
			};
			name = Debug;
		};
		2455DCEB2F23628F00836E3D /* Release */ = {
			isa = XCBuildConfiguration;
			buildSettings = {
				ASSETCATALOG_COMPILER_APPICON_NAME = AppIconChild;
				ASSETCATALOG_COMPILER_GLOBAL_ACCENT_COLOR_NAME = AccentColor;
				ASSETCATALOG_COMPILER_INCLUDE_ALL_APPICON_ASSETS = NO;
				CODE_SIGN_ENTITLEMENTS = Kiero_Child.entitlements;
				CODE_SIGN_IDENTITY = "Apple Development";
				CODE_SIGN_STYLE = Automatic;
				CURRENT_PROJECT_VERSION = 1;
				DEVELOPMENT_TEAM = "";
				ENABLE_USER_SCRIPT_SANDBOXING = YES;
				GENERATE_INFOPLIST_FILE = YES;
				INFOPLIST_FILE = Kiero/ChildInfo.plist;
				INFOPLIST_KEY_CFBundleDisplayName = Kiero;
				INFOPLIST_KEY_NSCameraUsageDescription = "";
				INFOPLIST_KEY_UIApplicationSupportsIndirectInputEvents = YES;
				INFOPLIST_KEY_UILaunchStoryboardName = LaunchScreen;
				INFOPLIST_KEY_UISupportedInterfaceOrientations_iPad = "UIInterfaceOrientationPortrait UIInterfaceOrientationPortraitUpsideDown UIInterfaceOrientationLandscapeLeft UIInterfaceOrientationLandscapeRight";
				INFOPLIST_KEY_UISupportedInterfaceOrientations_iPhone = "UIInterfaceOrientationPortrait UIInterfaceOrientationLandscapeLeft UIInterfaceOrientationLandscapeRight";
				LD_RUNPATH_SEARCH_PATHS = (
					"$(inherited)",
					"@executable_path/Frameworks",
				);
				MARKETING_VERSION = 1.0;
				PRODUCT_BUNDLE_IDENTIFIER = com.Kiero.Child;
				PRODUCT_NAME = "$(TARGET_NAME)";
				PROVISIONING_PROFILE_SPECIFIER = "";
				SUPPORTED_PLATFORMS = "iphoneos iphonesimulator";
				SUPPORTS_MACCATALYST = NO;
				SUPPORTS_MAC_DESIGNED_FOR_IPHONE_IPAD = NO;
				SUPPORTS_XR_DESIGNED_FOR_IPHONE_IPAD = NO;
				SWIFT_ACTIVE_COMPILATION_CONDITIONS = KIERO_CHILD;
				SWIFT_EMIT_LOC_STRINGS = YES;
				SWIFT_VERSION = 5.0;
				TARGETED_DEVICE_FAMILY = "1,2";
			};
			name = Release;
		};
		24DF50DF2F0A5174007146AC /* Debug */ = {
			isa = XCBuildConfiguration;
			buildSettings = {
				ASSETCATALOG_COMPILER_APPICON_NAME = AppIconParent;
				ASSETCATALOG_COMPILER_GLOBAL_ACCENT_COLOR_NAME = AccentColor;
				CODE_SIGN_ENTITLEMENTS = Kiero_Parent.entitlements;
				CODE_SIGN_IDENTITY = "Apple Development";
				CODE_SIGN_STYLE = Automatic;
				CURRENT_PROJECT_VERSION = 1;
				DEVELOPMENT_TEAM = "";
				ENABLE_USER_SCRIPT_SANDBOXING = YES;
				GENERATE_INFOPLIST_FILE = YES;
				INFOPLIST_FILE = Kiero/ParentInfo.plist;
				INFOPLIST_KEY_CFBundleDisplayName = Kiero;
				INFOPLIST_KEY_NSCameraUsageDescription = "";
				INFOPLIST_KEY_UIApplicationSupportsIndirectInputEvents = YES;
				INFOPLIST_KEY_UILaunchStoryboardName = LaunchScreen;
				INFOPLIST_KEY_UISupportedInterfaceOrientations_iPad = "UIInterfaceOrientationPortrait UIInterfaceOrientationPortraitUpsideDown UIInterfaceOrientationLandscapeLeft UIInterfaceOrientationLandscapeRight";
				INFOPLIST_KEY_UISupportedInterfaceOrientations_iPhone = "UIInterfaceOrientationPortrait UIInterfaceOrientationLandscapeLeft UIInterfaceOrientationLandscapeRight";
				LD_RUNPATH_SEARCH_PATHS = (
					"$(inherited)",
					"@executable_path/Frameworks",
				);
				MARKETING_VERSION = 1.0;
				PRODUCT_BUNDLE_IDENTIFIER = com.Kiero.Parent.dev;
				PRODUCT_NAME = "$(TARGET_NAME)";
				PROVISIONING_PROFILE_SPECIFIER = "";
				SUPPORTED_PLATFORMS = "iphoneos iphonesimulator";
				SUPPORTS_MACCATALYST = NO;
				SUPPORTS_MAC_DESIGNED_FOR_IPHONE_IPAD = NO;
				SUPPORTS_XR_DESIGNED_FOR_IPHONE_IPAD = NO;
				SWIFT_ACTIVE_COMPILATION_CONDITIONS = "DEBUG $(inherited) KIERO_PARENT";
				SWIFT_EMIT_LOC_STRINGS = YES;
				SWIFT_VERSION = 5.0;
				TARGETED_DEVICE_FAMILY = "1,2";
			};
			name = Debug;
		};
		24DF50E02F0A5174007146AC /* Release */ = {
			isa = XCBuildConfiguration;
			buildSettings = {
				ASSETCATALOG_COMPILER_APPICON_NAME = AppIconParent;
				ASSETCATALOG_COMPILER_GLOBAL_ACCENT_COLOR_NAME = AccentColor;
				CODE_SIGN_ENTITLEMENTS = Kiero_Parent.entitlements;
				CODE_SIGN_STYLE = Automatic;
				CURRENT_PROJECT_VERSION = 1;
				DEVELOPMENT_TEAM = "";
				ENABLE_USER_SCRIPT_SANDBOXING = YES;
				GENERATE_INFOPLIST_FILE = YES;
				INFOPLIST_FILE = Kiero/ParentInfo.plist;
				INFOPLIST_KEY_CFBundleDisplayName = Kiero;
				INFOPLIST_KEY_NSCameraUsageDescription = "";
				INFOPLIST_KEY_UIApplicationSupportsIndirectInputEvents = YES;
				INFOPLIST_KEY_UILaunchStoryboardName = LaunchScreen;
				INFOPLIST_KEY_UISupportedInterfaceOrientations_iPad = "UIInterfaceOrientationPortrait UIInterfaceOrientationPortraitUpsideDown UIInterfaceOrientationLandscapeLeft UIInterfaceOrientationLandscapeRight";
				INFOPLIST_KEY_UISupportedInterfaceOrientations_iPhone = "UIInterfaceOrientationPortrait UIInterfaceOrientationLandscapeLeft UIInterfaceOrientationLandscapeRight";
				LD_RUNPATH_SEARCH_PATHS = (
					"$(inherited)",
					"@executable_path/Frameworks",
				);
				MARKETING_VERSION = 1.0;
				PRODUCT_BUNDLE_IDENTIFIER = com.Kiero.Parent;
				PRODUCT_NAME = "$(TARGET_NAME)";
				PROVISIONING_PROFILE_SPECIFIER = "";
				SUPPORTED_PLATFORMS = "iphoneos iphonesimulator";
				SUPPORTS_MACCATALYST = NO;
				SUPPORTS_MAC_DESIGNED_FOR_IPHONE_IPAD = NO;
				SUPPORTS_XR_DESIGNED_FOR_IPHONE_IPAD = NO;
				SWIFT_ACTIVE_COMPILATION_CONDITIONS = KIERO_PARENT;
				SWIFT_EMIT_LOC_STRINGS = YES;
				SWIFT_VERSION = 5.0;
				TARGETED_DEVICE_FAMILY = "1,2";
			};
			name = Release;
		};
		24DF50E12F0A5174007146AC /* Debug */ = {
			isa = XCBuildConfiguration;
			baseConfigurationReferenceAnchor = 24DF50CD2F0A5173007146AC /* Kiero */;
			baseConfigurationReferenceRelativePath = Dev.xcconfig;
			buildSettings = {
				ALWAYS_SEARCH_USER_PATHS = NO;
				ASSETCATALOG_COMPILER_GENERATE_SWIFT_ASSET_SYMBOL_EXTENSIONS = YES;
				CLANG_ANALYZER_NONNULL = YES;
				CLANG_ANALYZER_NUMBER_OBJECT_CONVERSION = YES_AGGRESSIVE;
				CLANG_CXX_LANGUAGE_STANDARD = "gnu++20";
				CLANG_ENABLE_MODULES = YES;
				CLANG_ENABLE_OBJC_ARC = YES;
				CLANG_ENABLE_OBJC_WEAK = YES;
				CLANG_WARN_BLOCK_CAPTURE_AUTORELEASING = YES;
				CLANG_WARN_BOOL_CONVERSION = YES;
				CLANG_WARN_COMMA = YES;
				CLANG_WARN_CONSTANT_CONVERSION = YES;
				CLANG_WARN_DEPRECATED_OBJC_IMPLEMENTATIONS = YES;
				CLANG_WARN_DIRECT_OBJC_ISA_USAGE = YES_ERROR;
				CLANG_WARN_DOCUMENTATION_COMMENTS = YES;
				CLANG_WARN_EMPTY_BODY = YES;
				CLANG_WARN_ENUM_CONVERSION = YES;
				CLANG_WARN_INFINITE_RECURSION = YES;
				CLANG_WARN_INT_CONVERSION = YES;
				CLANG_WARN_NON_LITERAL_NULL_CONVERSION = YES;
				CLANG_WARN_OBJC_IMPLICIT_RETAIN_SELF = YES;
				CLANG_WARN_OBJC_LITERAL_CONVERSION = YES;
				CLANG_WARN_OBJC_ROOT_CLASS = YES_ERROR;
				CLANG_WARN_QUOTED_INCLUDE_IN_FRAMEWORK_HEADER = YES;
				CLANG_WARN_RANGE_LOOP_ANALYSIS = YES;
				CLANG_WARN_STRICT_PROTOTYPES = YES;
				CLANG_WARN_SUSPICIOUS_MOVE = YES;
				CLANG_WARN_UNGUARDED_AVAILABILITY = YES_AGGRESSIVE;
				CLANG_WARN_UNREACHABLE_CODE = YES;
				CLANG_WARN__DUPLICATE_METHOD_MATCH = YES;
				COPY_PHASE_STRIP = NO;
				DEBUG_INFORMATION_FORMAT = dwarf;
				ENABLE_STRICT_OBJC_MSGSEND = YES;
				ENABLE_TESTABILITY = YES;
				ENABLE_USER_SCRIPT_SANDBOXING = YES;
				GCC_C_LANGUAGE_STANDARD = gnu17;
				GCC_DYNAMIC_NO_PIC = NO;
				GCC_NO_COMMON_BLOCKS = YES;
				GCC_OPTIMIZATION_LEVEL = 0;
				GCC_PREPROCESSOR_DEFINITIONS = (
					"DEBUG=1",
					"$(inherited)",
				);
				GCC_WARN_64_TO_32_BIT_CONVERSION = YES;
				GCC_WARN_ABOUT_RETURN_TYPE = YES_ERROR;
				GCC_WARN_UNDECLARED_SELECTOR = YES;
				GCC_WARN_UNINITIALIZED_AUTOS = YES_AGGRESSIVE;
				GCC_WARN_UNUSED_FUNCTION = YES;
				GCC_WARN_UNUSED_VARIABLE = YES;
				IPHONEOS_DEPLOYMENT_TARGET = 18.5;
				LOCALIZATION_PREFERS_STRING_CATALOGS = YES;
				MTL_ENABLE_DEBUG_INFO = INCLUDE_SOURCE;
				MTL_FAST_MATH = YES;
				ONLY_ACTIVE_ARCH = YES;
				SDKROOT = iphoneos;
				STRING_CATALOG_GENERATE_SYMBOLS = YES;
				SWIFT_ACTIVE_COMPILATION_CONDITIONS = "DEBUG $(inherited)";
				SWIFT_OPTIMIZATION_LEVEL = "-Onone";
			};
			name = Debug;
		};
		24DF50E22F0A5174007146AC /* Release */ = {
			isa = XCBuildConfiguration;
			baseConfigurationReferenceAnchor = 24DF50CD2F0A5173007146AC /* Kiero */;
			baseConfigurationReferenceRelativePath = Prod.xcconfig;
			buildSettings = {
				ALWAYS_SEARCH_USER_PATHS = NO;
				ASSETCATALOG_COMPILER_GENERATE_SWIFT_ASSET_SYMBOL_EXTENSIONS = YES;
				CLANG_ANALYZER_NONNULL = YES;
				CLANG_ANALYZER_NUMBER_OBJECT_CONVERSION = YES_AGGRESSIVE;
				CLANG_CXX_LANGUAGE_STANDARD = "gnu++20";
				CLANG_ENABLE_MODULES = YES;
				CLANG_ENABLE_OBJC_ARC = YES;
				CLANG_ENABLE_OBJC_WEAK = YES;
				CLANG_WARN_BLOCK_CAPTURE_AUTORELEASING = YES;
				CLANG_WARN_BOOL_CONVERSION = YES;
				CLANG_WARN_COMMA = YES;
				CLANG_WARN_CONSTANT_CONVERSION = YES;
				CLANG_WARN_DEPRECATED_OBJC_IMPLEMENTATIONS = YES;
				CLANG_WARN_DIRECT_OBJC_ISA_USAGE = YES_ERROR;
				CLANG_WARN_DOCUMENTATION_COMMENTS = YES;
				CLANG_WARN_EMPTY_BODY = YES;
				CLANG_WARN_ENUM_CONVERSION = YES;
				CLANG_WARN_INFINITE_RECURSION = YES;
				CLANG_WARN_INT_CONVERSION = YES;
				CLANG_WARN_NON_LITERAL_NULL_CONVERSION = YES;
				CLANG_WARN_OBJC_IMPLICIT_RETAIN_SELF = YES;
				CLANG_WARN_OBJC_LITERAL_CONVERSION = YES;
				CLANG_WARN_OBJC_ROOT_CLASS = YES_ERROR;
				CLANG_WARN_QUOTED_INCLUDE_IN_FRAMEWORK_HEADER = YES;
				CLANG_WARN_RANGE_LOOP_ANALYSIS = YES;
				CLANG_WARN_STRICT_PROTOTYPES = YES;
				CLANG_WARN_SUSPICIOUS_MOVE = YES;
				CLANG_WARN_UNGUARDED_AVAILABILITY = YES_AGGRESSIVE;
				CLANG_WARN_UNREACHABLE_CODE = YES;
				CLANG_WARN__DUPLICATE_METHOD_MATCH = YES;
				COPY_PHASE_STRIP = NO;
				DEBUG_INFORMATION_FORMAT = "dwarf-with-dsym";
				ENABLE_NS_ASSERTIONS = NO;
				ENABLE_STRICT_OBJC_MSGSEND = YES;
				ENABLE_USER_SCRIPT_SANDBOXING = YES;
				GCC_C_LANGUAGE_STANDARD = gnu17;
				GCC_NO_COMMON_BLOCKS = YES;
				GCC_WARN_64_TO_32_BIT_CONVERSION = YES;
				GCC_WARN_ABOUT_RETURN_TYPE = YES_ERROR;
				GCC_WARN_UNDECLARED_SELECTOR = YES;
				GCC_WARN_UNINITIALIZED_AUTOS = YES_AGGRESSIVE;
				GCC_WARN_UNUSED_FUNCTION = YES;
				GCC_WARN_UNUSED_VARIABLE = YES;
				IPHONEOS_DEPLOYMENT_TARGET = 18.5;
				LOCALIZATION_PREFERS_STRING_CATALOGS = YES;
				MTL_ENABLE_DEBUG_INFO = NO;
				MTL_FAST_MATH = YES;
				SDKROOT = iphoneos;
				STRING_CATALOG_GENERATE_SYMBOLS = YES;
				SWIFT_COMPILATION_MODE = wholemodule;
				VALIDATE_PRODUCT = YES;
			};
			name = Release;
		};
/* End XCBuildConfiguration section */

/* Begin XCConfigurationList section */
		2455DCE92F23628F00836E3D /* Build configuration list for PBXNativeTarget "Kiero_Child" */ = {
			isa = XCConfigurationList;
			buildConfigurations = (
				2455DCEA2F23628F00836E3D /* Debug */,
				2455DCEB2F23628F00836E3D /* Release */,
			);
			defaultConfigurationIsVisible = 0;
			defaultConfigurationName = Release;
		};
		24DF50C62F0A5173007146AC /* Build configuration list for PBXProject "Kiero" */ = {
			isa = XCConfigurationList;
			buildConfigurations = (
				24DF50E12F0A5174007146AC /* Debug */,
				24DF50E22F0A5174007146AC /* Release */,
			);
			defaultConfigurationIsVisible = 0;
			defaultConfigurationName = Release;
		};
		24DF50DE2F0A5174007146AC /* Build configuration list for PBXNativeTarget "Kiero_Parent" */ = {
			isa = XCConfigurationList;
			buildConfigurations = (
				24DF50DF2F0A5174007146AC /* Debug */,
				24DF50E02F0A5174007146AC /* Release */,
			);
			defaultConfigurationIsVisible = 0;
			defaultConfigurationName = Release;
		};
/* End XCConfigurationList section */

/* Begin XCRemoteSwiftPackageReference section */
		2455DCD22F23628F00836E3D /* XCRemoteSwiftPackageReference "SnapKit" */ = {
			isa = XCRemoteSwiftPackageReference;
			repositoryURL = "https://github.com/SnapKit/SnapKit";
			requirement = {
				kind = upToNextMajorVersion;
				minimumVersion = 5.7.1;
			};
		};
		2455DCD42F23628F00836E3D /* XCRemoteSwiftPackageReference "Then" */ = {
			isa = XCRemoteSwiftPackageReference;
			repositoryURL = "https://github.com/devxoul/Then";
			requirement = {
				kind = upToNextMajorVersion;
				minimumVersion = 3.0.0;
			};
		};
		2455DCD62F23628F00836E3D /* XCRemoteSwiftPackageReference "Moya" */ = {
			isa = XCRemoteSwiftPackageReference;
			repositoryURL = "https://github.com/Moya/Moya";
			requirement = {
				kind = upToNextMajorVersion;
				minimumVersion = 15.0.3;
			};
		};
		2455DCD82F23628F00836E3D /* XCRemoteSwiftPackageReference "kakao-ios-sdk" */ = {
			isa = XCRemoteSwiftPackageReference;
			repositoryURL = "https://github.com/kakao/kakao-ios-sdk";
			requirement = {
				kind = upToNextMajorVersion;
				minimumVersion = 2.27.1;
			};
		};
		2455DCDD2F23628F00836E3D /* XCRemoteSwiftPackageReference "Kingfisher" */ = {
			isa = XCRemoteSwiftPackageReference;
			repositoryURL = "https://github.com/onevcat/Kingfisher.git";
			requirement = {
				kind = upToNextMajorVersion;
				minimumVersion = 8.6.2;
			};
		};
		249C64182F0FA1F50016D6B7 /* XCRemoteSwiftPackageReference "Moya" */ = {
			isa = XCRemoteSwiftPackageReference;
			repositoryURL = "https://github.com/Moya/Moya";
			requirement = {
				kind = upToNextMajorVersion;
				minimumVersion = 15.0.3;
			};
		};
		24DF523D2F0A6487007146AC /* XCRemoteSwiftPackageReference "SnapKit" */ = {
			isa = XCRemoteSwiftPackageReference;
			repositoryURL = "https://github.com/SnapKit/SnapKit";
			requirement = {
				kind = upToNextMajorVersion;
				minimumVersion = 5.7.1;
			};
		};
		24DF52402F0A64A0007146AC /* XCRemoteSwiftPackageReference "Then" */ = {
			isa = XCRemoteSwiftPackageReference;
			repositoryURL = "https://github.com/devxoul/Then";
			requirement = {
				kind = upToNextMajorVersion;
				minimumVersion = 3.0.0;
			};
		};
		A100000000000000000000A1 /* XCRemoteSwiftPackageReference "Amplitude-Swift" */ = {
			isa = XCRemoteSwiftPackageReference;
			repositoryURL = "https://github.com/amplitude/Amplitude-Swift.git";
			requirement = {
				kind = upToNextMajorVersion;
				minimumVersion = 1.18.6;
			};
		};
		AEB0F9DF2FC5CC5500964FED /* XCRemoteSwiftPackageReference "firebase-ios-sdk" */ = {
			isa = XCRemoteSwiftPackageReference;
			repositoryURL = "https://github.com/firebase/firebase-ios-sdk";
			requirement = {
				kind = upToNextMajorVersion;
				minimumVersion = 12.13.0;
			};
		};
		AEF67B362F4C5C20007319A0 /* XCRemoteSwiftPackageReference "KingfisherWebP" */ = {
			isa = XCRemoteSwiftPackageReference;
			repositoryURL = "https://github.com/yeatse/KingfisherWebP.git";
			requirement = {
				kind = upToNextMajorVersion;
				minimumVersion = 1.7.2;
			};
		};
		AEF67B4E2F4C6C41007319A0 /* XCRemoteSwiftPackageReference "lottie-ios" */ = {
			isa = XCRemoteSwiftPackageReference;
			repositoryURL = "https://github.com/airbnb/lottie-ios.git";
			requirement = {
				kind = upToNextMajorVersion;
				minimumVersion = 4.6.0;
			};
		};
		F6B015D42F123F0D007B1EE4 /* XCRemoteSwiftPackageReference "kakao-ios-sdk" */ = {
			isa = XCRemoteSwiftPackageReference;
			repositoryURL = "https://github.com/kakao/kakao-ios-sdk";
			requirement = {
				kind = upToNextMajorVersion;
				minimumVersion = 2.27.1;
			};
		};
		F6B01F152F1779EC007B1EE4 /* XCRemoteSwiftPackageReference "Kingfisher" */ = {
			isa = XCRemoteSwiftPackageReference;
			repositoryURL = "https://github.com/onevcat/Kingfisher.git";
			requirement = {
				kind = upToNextMajorVersion;
				minimumVersion = 8.6.2;
			};
		};
/* End XCRemoteSwiftPackageReference section */

/* Begin XCSwiftPackageProductDependency section */
		2455DCD12F23628F00836E3D /* SnapKit */ = {
			isa = XCSwiftPackageProductDependency;
			package = 2455DCD22F23628F00836E3D /* XCRemoteSwiftPackageReference "SnapKit" */;
			productName = SnapKit;
		};
		2455DCD32F23628F00836E3D /* Then */ = {
			isa = XCSwiftPackageProductDependency;
			package = 2455DCD42F23628F00836E3D /* XCRemoteSwiftPackageReference "Then" */;
			productName = Then;
		};
		2455DCD52F23628F00836E3D /* Moya */ = {
			isa = XCSwiftPackageProductDependency;
			package = 2455DCD62F23628F00836E3D /* XCRemoteSwiftPackageReference "Moya" */;
			productName = Moya;
		};
		2455DCD72F23628F00836E3D /* KakaoSDK */ = {
			isa = XCSwiftPackageProductDependency;
			package = 2455DCD82F23628F00836E3D /* XCRemoteSwiftPackageReference "kakao-ios-sdk" */;
			productName = KakaoSDK;
		};
		2455DCD92F23628F00836E3D /* KakaoSDKAuth */ = {
			isa = XCSwiftPackageProductDependency;
			package = 2455DCD82F23628F00836E3D /* XCRemoteSwiftPackageReference "kakao-ios-sdk" */;
			productName = KakaoSDKAuth;
		};
		2455DCDA2F23628F00836E3D /* KakaoSDKUser */ = {
			isa = XCSwiftPackageProductDependency;
			package = 2455DCD82F23628F00836E3D /* XCRemoteSwiftPackageReference "kakao-ios-sdk" */;
			productName = KakaoSDKUser;
		};
		2455DCDB2F23628F00836E3D /* CombineMoya */ = {
			isa = XCSwiftPackageProductDependency;
			package = 2455DCD62F23628F00836E3D /* XCRemoteSwiftPackageReference "Moya" */;
			productName = CombineMoya;
		};
		2455DCDC2F23628F00836E3D /* Kingfisher */ = {
			isa = XCSwiftPackageProductDependency;
			package = 2455DCDD2F23628F00836E3D /* XCRemoteSwiftPackageReference "Kingfisher" */;
			productName = Kingfisher;
		};
		249C64192F0FA1F50016D6B7 /* Moya */ = {
			isa = XCSwiftPackageProductDependency;
			package = 249C64182F0FA1F50016D6B7 /* XCRemoteSwiftPackageReference "Moya" */;
			productName = Moya;
		};
		24DF523E2F0A6487007146AC /* SnapKit */ = {
			isa = XCSwiftPackageProductDependency;
			package = 24DF523D2F0A6487007146AC /* XCRemoteSwiftPackageReference "SnapKit" */;
			productName = SnapKit;
		};
		24DF52412F0A64A0007146AC /* Then */ = {
			isa = XCSwiftPackageProductDependency;
			package = 24DF52402F0A64A0007146AC /* XCRemoteSwiftPackageReference "Then" */;
			productName = Then;
		};
		A100000000000000000000B1 /* AmplitudeSwift */ = {
			isa = XCSwiftPackageProductDependency;
			package = A100000000000000000000A1 /* XCRemoteSwiftPackageReference "Amplitude-Swift" */;
			productName = AmplitudeSwift;
		};
		A100000000000000000000C1 /* AmplitudeSwift */ = {
			isa = XCSwiftPackageProductDependency;
			package = A100000000000000000000A1 /* XCRemoteSwiftPackageReference "Amplitude-Swift" */;
			productName = AmplitudeSwift;
		};
		AE418AB32FC6CCE8000B043E /* FirebaseMessaging */ = {
			isa = XCSwiftPackageProductDependency;
			package = AEB0F9DF2FC5CC5500964FED /* XCRemoteSwiftPackageReference "firebase-ios-sdk" */;
			productName = FirebaseMessaging;
		};
		AE418AB52FC6CCF0000B043E /* FirebaseCore */ = {
			isa = XCSwiftPackageProductDependency;
			package = AEB0F9DF2FC5CC5500964FED /* XCRemoteSwiftPackageReference "firebase-ios-sdk" */;
			productName = FirebaseCore;
		};
		AE418AB72FC6CCFE000B043E /* FirebaseCore */ = {
			isa = XCSwiftPackageProductDependency;
			package = AEB0F9DF2FC5CC5500964FED /* XCRemoteSwiftPackageReference "firebase-ios-sdk" */;
			productName = FirebaseCore;
		};
		AE418AB92FC6CD03000B043E /* FirebaseMessaging */ = {
			isa = XCSwiftPackageProductDependency;
			package = AEB0F9DF2FC5CC5500964FED /* XCRemoteSwiftPackageReference "firebase-ios-sdk" */;
			productName = FirebaseMessaging;
		};
		AEF67B372F4C5C20007319A0 /* KingfisherWebP */ = {
			isa = XCSwiftPackageProductDependency;
			package = AEF67B362F4C5C20007319A0 /* XCRemoteSwiftPackageReference "KingfisherWebP" */;
			productName = KingfisherWebP;
		};
		AEF67B392F4C5C46007319A0 /* KingfisherWebP */ = {
			isa = XCSwiftPackageProductDependency;
			package = AEF67B362F4C5C20007319A0 /* XCRemoteSwiftPackageReference "KingfisherWebP" */;
			productName = KingfisherWebP;
		};
		AEF67B4F2F4C6C41007319A0 /* Lottie */ = {
			isa = XCSwiftPackageProductDependency;
			package = AEF67B4E2F4C6C41007319A0 /* XCRemoteSwiftPackageReference "lottie-ios" */;
			productName = Lottie;
		};
		AEF67B512F4C6C53007319A0 /* Lottie */ = {
			isa = XCSwiftPackageProductDependency;
			package = AEF67B4E2F4C6C41007319A0 /* XCRemoteSwiftPackageReference "lottie-ios" */;
			productName = Lottie;
		};
		F6B015D52F123F0D007B1EE4 /* KakaoSDK */ = {
			isa = XCSwiftPackageProductDependency;
			package = F6B015D42F123F0D007B1EE4 /* XCRemoteSwiftPackageReference "kakao-ios-sdk" */;
			productName = KakaoSDK;
		};
		F6B015D72F123F0D007B1EE4 /* KakaoSDKAuth */ = {
			isa = XCSwiftPackageProductDependency;
			package = F6B015D42F123F0D007B1EE4 /* XCRemoteSwiftPackageReference "kakao-ios-sdk" */;
			productName = KakaoSDKAuth;
		};
		F6B015D92F123F0D007B1EE4 /* KakaoSDKUser */ = {
			isa = XCSwiftPackageProductDependency;
			package = F6B015D42F123F0D007B1EE4 /* XCRemoteSwiftPackageReference "kakao-ios-sdk" */;
			productName = KakaoSDKUser;
		};
		F6B018512F136542007B1EE4 /* CombineMoya */ = {
			isa = XCSwiftPackageProductDependency;
			package = 249C64182F0FA1F50016D6B7 /* XCRemoteSwiftPackageReference "Moya" */;
			productName = CombineMoya;
		};
		F6B01F162F1779EC007B1EE4 /* Kingfisher */ = {
			isa = XCSwiftPackageProductDependency;
			package = F6B01F152F1779EC007B1EE4 /* XCRemoteSwiftPackageReference "Kingfisher" */;
			productName = Kingfisher;
		};
/* End XCSwiftPackageProductDependency section */
	};
	rootObject = 24DF50C32F0A5173007146AC /* Project object */;
}
