// !$*UTF8*$!
{
	archiveVersion = 1;
	classes = {
	};
	objectVersion = 77;
	objects = {

/* Begin PBXBuildFile section */
		249C641A2F0FA1F50016D6B7 /* Moya in Frameworks */ = {isa = PBXBuildFile; productRef = 249C64192F0FA1F50016D6B7 /* Moya */; };
		24DF523F2F0A6487007146AC /* SnapKit in Frameworks */ = {isa = PBXBuildFile; productRef = 24DF523E2F0A6487007146AC /* SnapKit */; };
		24DF52422F0A64A0007146AC /* Then in Frameworks */ = {isa = PBXBuildFile; productRef = 24DF52412F0A64A0007146AC /* Then */; };
		F689777E2F18102D004D5783 /* KakaoSDK in Frameworks */ = {isa = PBXBuildFile; productRef = F6B015D52F123F0D007B1EE4 /* KakaoSDK */; };
		F689777F2F18102D004D5783 /* KakaoSDKUser in Frameworks */ = {isa = PBXBuildFile; productRef = F6B015D92F123F0D007B1EE4 /* KakaoSDKUser */; };
		F68977802F18102D004D5783 /* CombineMoya in Frameworks */ = {isa = PBXBuildFile; productRef = F6B018512F136542007B1EE4 /* CombineMoya */; };
		F68977812F18102D004D5783 /* Kingfisher in Frameworks */ = {isa = PBXBuildFile; productRef = F6B01F162F1779EC007B1EE4 /* Kingfisher */; };
		F6B015D82F123F0D007B1EE4 /* KakaoSDKAuth in Frameworks */ = {isa = PBXBuildFile; productRef = F6B015D72F123F0D007B1EE4 /* KakaoSDKAuth */; };
/* End PBXBuildFile section */

/* Begin PBXFileReference section */
		24DF50CB2F0A5173007146AC /* Kiero.app */ = {isa = PBXFileReference; explicitFileType = wrapper.application; includeInIndex = 0; path = Kiero.app; sourceTree = BUILT_PRODUCTS_DIR; };
/* End PBXFileReference section */

/* Begin PBXFileSystemSynchronizedBuildFileExceptionSet section */
		24DF50DD2F0A5174007146AC /* Exceptions for "Kiero" folder in "Kiero" target */ = {
			isa = PBXFileSystemSynchronizedBuildFileExceptionSet;
			membershipExceptions = (
				Config.xcconfig,
				Info.plist,
			);
			target = 24DF50CA2F0A5173007146AC /* Kiero */;
		};
/* End PBXFileSystemSynchronizedBuildFileExceptionSet section */

/* Begin PBXFileSystemSynchronizedRootGroup section */
		24DF50CD2F0A5173007146AC /* Kiero */ = {
			isa = PBXFileSystemSynchronizedRootGroup;
			exceptions = (
				24DF50DD2F0A5174007146AC /* Exceptions for "Kiero" folder in "Kiero" target */,
			);
			path = Kiero;
			sourceTree = "<group>";
		};
/* End PBXFileSystemSynchronizedRootGroup section */

/* Begin PBXFrameworksBuildPhase section */
		24DF50C82F0A5173007146AC /* Frameworks */ = {
			isa = PBXFrameworksBuildPhase;
			buildActionMask = 2147483647;
			files = (
				F68977812F18102D004D5783 /* Kingfisher in Frameworks */,
				F68977802F18102D004D5783 /* CombineMoya in Frameworks */,
				F689777F2F18102D004D5783 /* KakaoSDKUser in Frameworks */,
				F689777E2F18102D004D5783 /* KakaoSDK in Frameworks */,
				24DF523F2F0A6487007146AC /* SnapKit in Frameworks */,
				24DF52422F0A64A0007146AC /* Then in Frameworks */,
				249C641A2F0FA1F50016D6B7 /* Moya in Frameworks */,
				F6B015D82F123F0D007B1EE4 /* KakaoSDKAuth in Frameworks */,
			);
			runOnlyForDeploymentPostprocessing = 0;
		};
/* End PBXFrameworksBuildPhase section */

/* Begin PBXGroup section */
		24DF50C22F0A5173007146AC = {
			isa = PBXGroup;
			children = (
				24DF50CD2F0A5173007146AC /* Kiero */,
				F6B018502F136542007B1EE4 /* Frameworks */,
				24DF50CC2F0A5173007146AC /* Products */,
			);
			sourceTree = "<group>";
		};
		24DF50CC2F0A5173007146AC /* Products */ = {
			isa = PBXGroup;
			children = (
				24DF50CB2F0A5173007146AC /* Kiero.app */,
			);
			name = Products;
			sourceTree = "<group>";
		};
		F6B018502F136542007B1EE4 /* Frameworks */ = {
			isa = PBXGroup;
			children = (
			);
			name = Frameworks;
			sourceTree = "<group>";
		};
/* End PBXGroup section */

/* Begin PBXNativeTarget section */
		24DF50CA2F0A5173007146AC /* Kiero */ = {
			isa = PBXNativeTarget;
			buildConfigurationList = 24DF50DE2F0A5174007146AC /* Build configuration list for PBXNativeTarget "Kiero" */;
			buildPhases = (
				24DF50C72F0A5173007146AC /* Sources */,
				24DF50C82F0A5173007146AC /* Frameworks */,
				24DF50C92F0A5173007146AC /* Resources */,
			);
			buildRules = (
			);
			dependencies = (
			);
			fileSystemSynchronizedGroups = (
				24DF50CD2F0A5173007146AC /* Kiero */,
			);
			name = Kiero;
			packageProductDependencies = (
				24DF523E2F0A6487007146AC /* SnapKit */,
				24DF52412F0A64A0007146AC /* Then */,
				249C64192F0FA1F50016D6B7 /* Moya */,
				F6B015D52F123F0D007B1EE4 /* KakaoSDK */,
				F6B015D72F123F0D007B1EE4 /* KakaoSDKAuth */,
				F6B015D92F123F0D007B1EE4 /* KakaoSDKUser */,
				F6B018512F136542007B1EE4 /* CombineMoya */,
				F6B01F162F1779EC007B1EE4 /* Kingfisher */,
			);
			productName = Kiero;
			productReference = 24DF50CB2F0A5173007146AC /* Kiero.app */;
			productType = "com.apple.product-type.application";
		};
/* End PBXNativeTarget section */

/* Begin PBXProject section */
		24DF50C32F0A5173007146AC /* Project object */ = {
			isa = PBXProject;
			attributes = {
				BuildIndependentTargetsInParallel = 1;
				LastSwiftUpdateCheck = 1640;
				LastUpgradeCheck = 2620;
				TargetAttributes = {
					24DF50CA2F0A5173007146AC = {
						CreatedOnToolsVersion = 16.4;
					};
				};
			};
			buildConfigurationList = 24DF50C62F0A5173007146AC /* Build configuration list for PBXProject "Kiero" */;
			developmentRegion = en;
			hasScannedForEncodings = 0;
			knownRegions = (
				en,
				Base,
			);
			mainGroup = 24DF50C22F0A5173007146AC;
			minimizedProjectReferenceProxies = 1;
			packageReferences = (
				24DF523D2F0A6487007146AC /* XCRemoteSwiftPackageReference "SnapKit" */,
				24DF52402F0A64A0007146AC /* XCRemoteSwiftPackageReference "Then" */,
				249C64182F0FA1F50016D6B7 /* XCRemoteSwiftPackageReference "Moya" */,
				F6B015D42F123F0D007B1EE4 /* XCRemoteSwiftPackageReference "kakao-ios-sdk" */,
				F6B01F152F1779EC007B1EE4 /* XCRemoteSwiftPackageReference "Kingfisher" */,
			);
			preferredProjectObjectVersion = 77;
			productRefGroup = 24DF50CC2F0A5173007146AC /* Products */;
			projectDirPath = "";
			projectRoot = "";
			targets = (
				24DF50CA2F0A5173007146AC /* Kiero */,
			);
		};
/* End PBXProject section */

/* Begin PBXResourcesBuildPhase section */
		24DF50C92F0A5173007146AC /* Resources */ = {
			isa = PBXResourcesBuildPhase;
			buildActionMask = 2147483647;
			files = (
			);
			runOnlyForDeploymentPostprocessing = 0;
		};
/* End PBXResourcesBuildPhase section */

/* Begin PBXSourcesBuildPhase section */
		24DF50C72F0A5173007146AC /* Sources */ = {
			isa = PBXSourcesBuildPhase;
			buildActionMask = 2147483647;
			files = (
			);
			runOnlyForDeploymentPostprocessing = 0;
		};
/* End PBXSourcesBuildPhase section */

/* Begin XCBuildConfiguration section */
		24DF50DF2F0A5174007146AC /* Debug */ = {
			isa = XCBuildConfiguration;
			buildSettings = {
				ASSETCATALOG_COMPILER_APPICON_NAME = AppIcon;
				ASSETCATALOG_COMPILER_GLOBAL_ACCENT_COLOR_NAME = AccentColor;
				CODE_SIGN_STYLE = Automatic;
				CURRENT_PROJECT_VERSION = 1;
				DEVELOPMENT_TEAM = "";
				GENERATE_INFOPLIST_FILE = YES;
				INFOPLIST_FILE = Kiero/Info.plist;
				INFOPLIST_KEY_NSCameraUsageDescription = "";
				INFOPLIST_KEY_UIApplicationSupportsIndirectInputEvents = YES;
				INFOPLIST_KEY_UILaunchStoryboardName = LaunchScreen;
				INFOPLIST_KEY_UISupportedInterfaceOrientations_iPad = "UIInterfaceOrientationPortrait UIInterfaceOrientationPortraitUpsideDown UIInterfaceOrientationLandscapeLeft UIInterfaceOrientationLandscapeRight";
				INFOPLIST_KEY_UISupportedInterfaceOrientations_iPhone = "UIInterfaceOrientationPortrait UIInterfaceOrientationLandscapeLeft UIInterfaceOrientationLandscapeRight";
				LD_RUNPATH_SEARCH_PATHS = (
					"$(inherited)",
					"@executable_path/Frameworks",
				);
				MARKETING_VERSION = 1.0;
				PRODUCT_BUNDLE_IDENTIFIER = com.Kiero;
				PRODUCT_NAME = "$(TARGET_NAME)";
				SUPPORTED_PLATFORMS = "iphoneos iphonesimulator";
				SUPPORTS_MACCATALYST = NO;
				SUPPORTS_MAC_DESIGNED_FOR_IPHONE_IPAD = NO;
				SUPPORTS_XR_DESIGNED_FOR_IPHONE_IPAD = NO;
				SWIFT_EMIT_LOC_STRINGS = YES;
				SWIFT_VERSION = 5.0;
				TARGETED_DEVICE_FAMILY = "1,2";
			};
			name = Debug;
		};
		24DF50E02F0A5174007146AC /* Release */ = {
			isa = XCBuildConfiguration;
			buildSettings = {
				ASSETCATALOG_COMPILER_APPICON_NAME = AppIcon;
				ASSETCATALOG_COMPILER_GLOBAL_ACCENT_COLOR_NAME = AccentColor;
				CODE_SIGN_STYLE = Automatic;
				CURRENT_PROJECT_VERSION = 1;
				DEVELOPMENT_TEAM = "";
				GENERATE_INFOPLIST_FILE = YES;
				INFOPLIST_FILE = Kiero/Info.plist;
				INFOPLIST_KEY_NSCameraUsageDescription = "";
				INFOPLIST_KEY_UIApplicationSupportsIndirectInputEvents = YES;
				INFOPLIST_KEY_UILaunchStoryboardName = LaunchScreen;
				INFOPLIST_KEY_UISupportedInterfaceOrientations_iPad = "UIInterfaceOrientationPortrait UIInterfaceOrientationPortraitUpsideDown UIInterfaceOrientationLandscapeLeft UIInterfaceOrientationLandscapeRight";
				INFOPLIST_KEY_UISupportedInterfaceOrientations_iPhone = "UIInterfaceOrientationPortrait UIInterfaceOrientationLandscapeLeft UIInterfaceOrientationLandscapeRight";
				LD_RUNPATH_SEARCH_PATHS = (
					"$(inherited)",
					"@executable_path/Frameworks",
				);
				MARKETING_VERSION = 1.0;
				PRODUCT_BUNDLE_IDENTIFIER = com.Kiero;
				PRODUCT_NAME = "$(TARGET_NAME)";
				SUPPORTED_PLATFORMS = "iphoneos iphonesimulator";
				SUPPORTS_MACCATALYST = NO;
				SUPPORTS_MAC_DESIGNED_FOR_IPHONE_IPAD = NO;
				SUPPORTS_XR_DESIGNED_FOR_IPHONE_IPAD = NO;
				SWIFT_EMIT_LOC_STRINGS = YES;
				SWIFT_VERSION = 5.0;
				TARGETED_DEVICE_FAMILY = "1,2";
			};
			name = Release;
		};
		24DF50E12F0A5174007146AC /* Debug */ = {
			isa = XCBuildConfiguration;
			baseConfigurationReferenceAnchor = 24DF50CD2F0A5173007146AC /* Kiero */;
			baseConfigurationReferenceRelativePath = Config.xcconfig;
			buildSettings = {
				ALWAYS_SEARCH_USER_PATHS = NO;
				ASSETCATALOG_COMPILER_GENERATE_SWIFT_ASSET_SYMBOL_EXTENSIONS = YES;
				CLANG_ANALYZER_NONNULL = YES;
				CLANG_ANALYZER_NUMBER_OBJECT_CONVERSION = YES_AGGRESSIVE;
				CLANG_CXX_LANGUAGE_STANDARD = "gnu++20";
				CLANG_ENABLE_MODULES = YES;
				CLANG_ENABLE_OBJC_ARC = YES;
				CLANG_ENABLE_OBJC_WEAK = YES;
				CLANG_WARN_BLOCK_CAPTURE_AUTORELEASING = YES;
				CLANG_WARN_BOOL_CONVERSION = YES;
				CLANG_WARN_COMMA = YES;
				CLANG_WARN_CONSTANT_CONVERSION = YES;
				CLANG_WARN_DEPRECATED_OBJC_IMPLEMENTATIONS = YES;
				CLANG_WARN_DIRECT_OBJC_ISA_USAGE = YES_ERROR;
				CLANG_WARN_DOCUMENTATION_COMMENTS = YES;
				CLANG_WARN_EMPTY_BODY = YES;
				CLANG_WARN_ENUM_CONVERSION = YES;
				CLANG_WARN_INFINITE_RECURSION = YES;
				CLANG_WARN_INT_CONVERSION = YES;
				CLANG_WARN_NON_LITERAL_NULL_CONVERSION = YES;
				CLANG_WARN_OBJC_IMPLICIT_RETAIN_SELF = YES;
				CLANG_WARN_OBJC_LITERAL_CONVERSION = YES;
				CLANG_WARN_OBJC_ROOT_CLASS = YES_ERROR;
				CLANG_WARN_QUOTED_INCLUDE_IN_FRAMEWORK_HEADER = YES;
				CLANG_WARN_RANGE_LOOP_ANALYSIS = YES;
				CLANG_WARN_STRICT_PROTOTYPES = YES;
				CLANG_WARN_SUSPICIOUS_MOVE = YES;
				CLANG_WARN_UNGUARDED_AVAILABILITY = YES_AGGRESSIVE;
				CLANG_WARN_UNREACHABLE_CODE = YES;
				CLANG_WARN__DUPLICATE_METHOD_MATCH = YES;
				COPY_PHASE_STRIP = NO;
				DEBUG_INFORMATION_FORMAT = dwarf;
				ENABLE_STRICT_OBJC_MSGSEND = YES;
				ENABLE_TESTABILITY = YES;
				ENABLE_USER_SCRIPT_SANDBOXING = YES;
				GCC_C_LANGUAGE_STANDARD = gnu17;
				GCC_DYNAMIC_NO_PIC = NO;
				GCC_NO_COMMON_BLOCKS = YES;
				GCC_OPTIMIZATION_LEVEL = 0;
				GCC_PREPROCESSOR_DEFINITIONS = (
					"DEBUG=1",
					"$(inherited)",
				);
				GCC_WARN_64_TO_32_BIT_CONVERSION = YES;
				GCC_WARN_ABOUT_RETURN_TYPE = YES_ERROR;
				GCC_WARN_UNDECLARED_SELECTOR = YES;
				GCC_WARN_UNINITIALIZED_AUTOS = YES_AGGRESSIVE;
				GCC_WARN_UNUSED_FUNCTION = YES;
				GCC_WARN_UNUSED_VARIABLE = YES;
				IPHONEOS_DEPLOYMENT_TARGET = 18.5;
				LOCALIZATION_PREFERS_STRING_CATALOGS = YES;
				MTL_ENABLE_DEBUG_INFO = INCLUDE_SOURCE;
				MTL_FAST_MATH = YES;
				ONLY_ACTIVE_ARCH = YES;
				SDKROOT = iphoneos;
				STRING_CATALOG_GENERATE_SYMBOLS = YES;
				SWIFT_ACTIVE_COMPILATION_CONDITIONS = "DEBUG $(inherited)";
				SWIFT_OPTIMIZATION_LEVEL = "-Onone";
			};
			name = Debug;
		};
		24DF50E22F0A5174007146AC /* Release */ = {
			isa = XCBuildConfiguration;
			baseConfigurationReferenceAnchor = 24DF50CD2F0A5173007146AC /* Kiero */;
			baseConfigurationReferenceRelativePath = Config.xcconfig;
			buildSettings = {
				ALWAYS_SEARCH_USER_PATHS = NO;
				ASSETCATALOG_COMPILER_GENERATE_SWIFT_ASSET_SYMBOL_EXTENSIONS = YES;
				CLANG_ANALYZER_NONNULL = YES;
				CLANG_ANALYZER_NUMBER_OBJECT_CONVERSION = YES_AGGRESSIVE;
				CLANG_CXX_LANGUAGE_STANDARD = "gnu++20";
				CLANG_ENABLE_MODULES = YES;
				CLANG_ENABLE_OBJC_ARC = YES;
				CLANG_ENABLE_OBJC_WEAK = YES;
				CLANG_WARN_BLOCK_CAPTURE_AUTORELEASING = YES;
				CLANG_WARN_BOOL_CONVERSION = YES;
				CLANG_WARN_COMMA = YES;
				CLANG_WARN_CONSTANT_CONVERSION = YES;
				CLANG_WARN_DEPRECATED_OBJC_IMPLEMENTATIONS = YES;
				CLANG_WARN_DIRECT_OBJC_ISA_USAGE = YES_ERROR;
				CLANG_WARN_DOCUMENTATION_COMMENTS = YES;
				CLANG_WARN_EMPTY_BODY = YES;
				CLANG_WARN_ENUM_CONVERSION = YES;
				CLANG_WARN_INFINITE_RECURSION = YES;
				CLANG_WARN_INT_CONVERSION = YES;
				CLANG_WARN_NON_LITERAL_NULL_CONVERSION = YES;
				CLANG_WARN_OBJC_IMPLICIT_RETAIN_SELF = YES;
				CLANG_WARN_OBJC_LITERAL_CONVERSION = YES;
				CLANG_WARN_OBJC_ROOT_CLASS = YES_ERROR;
				CLANG_WARN_QUOTED_INCLUDE_IN_FRAMEWORK_HEADER = YES;
				CLANG_WARN_RANGE_LOOP_ANALYSIS = YES;
				CLANG_WARN_STRICT_PROTOTYPES = YES;
				CLANG_WARN_SUSPICIOUS_MOVE = YES;
				CLANG_WARN_UNGUARDED_AVAILABILITY = YES_AGGRESSIVE;
				CLANG_WARN_UNREACHABLE_CODE = YES;
				CLANG_WARN__DUPLICATE_METHOD_MATCH = YES;
				COPY_PHASE_STRIP = NO;
				DEBUG_INFORMATION_FORMAT = "dwarf-with-dsym";
				ENABLE_NS_ASSERTIONS = NO;
				ENABLE_STRICT_OBJC_MSGSEND = YES;
				ENABLE_USER_SCRIPT_SANDBOXING = YES;
				GCC_C_LANGUAGE_STANDARD = gnu17;
				GCC_NO_COMMON_BLOCKS = YES;
				GCC_WARN_64_TO_32_BIT_CONVERSION = YES;
				GCC_WARN_ABOUT_RETURN_TYPE = YES_ERROR;
				GCC_WARN_UNDECLARED_SELECTOR = YES;
				GCC_WARN_UNINITIALIZED_AUTOS = YES_AGGRESSIVE;
				GCC_WARN_UNUSED_FUNCTION = YES;
				GCC_WARN_UNUSED_VARIABLE = YES;
				IPHONEOS_DEPLOYMENT_TARGET = 18.5;
				LOCALIZATION_PREFERS_STRING_CATALOGS = YES;
				MTL_ENABLE_DEBUG_INFO = NO;
				MTL_FAST_MATH = YES;
				SDKROOT = iphoneos;
				STRING_CATALOG_GENERATE_SYMBOLS = YES;
				SWIFT_COMPILATION_MODE = wholemodule;
				VALIDATE_PRODUCT = YES;
			};
			name = Release;
		};
/* End XCBuildConfiguration section */

/* Begin XCConfigurationList section */
		24DF50C62F0A5173007146AC /* Build configuration list for PBXProject "Kiero" */ = {
			isa = XCConfigurationList;
			buildConfigurations = (
				24DF50E12F0A5174007146AC /* Debug */,
				24DF50E22F0A5174007146AC /* Release */,
			);
			defaultConfigurationIsVisible = 0;
			defaultConfigurationName = Release;
		};
		24DF50DE2F0A5174007146AC /* Build configuration list for PBXNativeTarget "Kiero" */ = {
			isa = XCConfigurationList;
			buildConfigurations = (
				24DF50DF2F0A5174007146AC /* Debug */,
				24DF50E02F0A5174007146AC /* Release */,
			);
			defaultConfigurationIsVisible = 0;
			defaultConfigurationName = Release;
		};
/* End XCConfigurationList section */

/* Begin XCRemoteSwiftPackageReference section */
		249C64182F0FA1F50016D6B7 /* XCRemoteSwiftPackageReference "Moya" */ = {
			isa = XCRemoteSwiftPackageReference;
			repositoryURL = "https://github.com/Moya/Moya";
			requirement = {
				kind = upToNextMajorVersion;
				minimumVersion = 15.0.3;
			};
		};
		24DF523D2F0A6487007146AC /* XCRemoteSwiftPackageReference "SnapKit" */ = {
			isa = XCRemoteSwiftPackageReference;
			repositoryURL = "https://github.com/SnapKit/SnapKit";
			requirement = {
				kind = upToNextMajorVersion;
				minimumVersion = 5.7.1;
			};
		};
		24DF52402F0A64A0007146AC /* XCRemoteSwiftPackageReference "Then" */ = {
			isa = XCRemoteSwiftPackageReference;
			repositoryURL = "https://github.com/devxoul/Then";
			requirement = {
				kind = upToNextMajorVersion;
				minimumVersion = 3.0.0;
			};
		};
		F6B015D42F123F0D007B1EE4 /* XCRemoteSwiftPackageReference "kakao-ios-sdk" */ = {
			isa = XCRemoteSwiftPackageReference;
			repositoryURL = "https://github.com/kakao/kakao-ios-sdk";
			requirement = {
				kind = upToNextMajorVersion;
				minimumVersion = 2.27.1;
			};
		};
		F6B01F152F1779EC007B1EE4 /* XCRemoteSwiftPackageReference "Kingfisher" */ = {
			isa = XCRemoteSwiftPackageReference;
			repositoryURL = "https://github.com/onevcat/Kingfisher.git";
			requirement = {
				kind = upToNextMajorVersion;
				minimumVersion = 8.6.2;
			};
		};
/* End XCRemoteSwiftPackageReference section */

/* Begin XCSwiftPackageProductDependency section */
		249C64192F0FA1F50016D6B7 /* Moya */ = {
			isa = XCSwiftPackageProductDependency;
			package = 249C64182F0FA1F50016D6B7 /* XCRemoteSwiftPackageReference "Moya" */;
			productName = Moya;
		};
		24DF523E2F0A6487007146AC /* SnapKit */ = {
			isa = XCSwiftPackageProductDependency;
			package = 24DF523D2F0A6487007146AC /* XCRemoteSwiftPackageReference "SnapKit" */;
			productName = SnapKit;
		};
		24DF52412F0A64A0007146AC /* Then */ = {
			isa = XCSwiftPackageProductDependency;
			package = 24DF52402F0A64A0007146AC /* XCRemoteSwiftPackageReference "Then" */;
			productName = Then;
		};
		F6B015D52F123F0D007B1EE4 /* KakaoSDK */ = {
			isa = XCSwiftPackageProductDependency;
			package = F6B015D42F123F0D007B1EE4 /* XCRemoteSwiftPackageReference "kakao-ios-sdk" */;
			productName = KakaoSDK;
		};
		F6B015D72F123F0D007B1EE4 /* KakaoSDKAuth */ = {
			isa = XCSwiftPackageProductDependency;
			package = F6B015D42F123F0D007B1EE4 /* XCRemoteSwiftPackageReference "kakao-ios-sdk" */;
			productName = KakaoSDKAuth;
		};
		F6B015D92F123F0D007B1EE4 /* KakaoSDKUser */ = {
			isa = XCSwiftPackageProductDependency;
			package = F6B015D42F123F0D007B1EE4 /* XCRemoteSwiftPackageReference "kakao-ios-sdk" */;
			productName = KakaoSDKUser;
		};
		F6B018512F136542007B1EE4 /* CombineMoya */ = {
			isa = XCSwiftPackageProductDependency;
			package = 249C64182F0FA1F50016D6B7 /* XCRemoteSwiftPackageReference "Moya" */;
			productName = CombineMoya;
		};
		F6B01F162F1779EC007B1EE4 /* Kingfisher */ = {
			isa = XCSwiftPackageProductDependency;
			package = F6B01F152F1779EC007B1EE4 /* XCRemoteSwiftPackageReference "Kingfisher" */;
			productName = Kingfisher;
		};
/* End XCSwiftPackageProductDependency section */
	};
	rootObject = 24DF50C32F0A5173007146AC /* Project object */;
}
